
Microsoft Visual Studio Solution File, Format Version 12.00
# Visual Studio Version 16
VisualStudioVersion = 16.0.33529.622
MinimumVisualStudioVersion = 10.0.40219.1
Project("{FAE04EC0-301F-11D3-BF4B-00C04F79EFBC}") = "CallingMethodsSubmissionAssignment", "CallingMethodsSubmissionAssignment\CallingMethodsSubmissionAssignment.csproj", "{CC5ACDB7-14F8-4867-B6EC-68BA69521DF6}"
EndProject
Global
	GlobalSection(SolutionConfigurationPlatforms) = preSolution
		Debug|Any CPU = Debug|Any CPU
		Release|Any CPU = Release|Any CPU
	EndGlobalSection
	GlobalSection(ProjectConfigurationPlatforms) = postSolution
		{CC5ACDB7-14F8-4867-B6EC-68BA69521DF6}.Debug|Any CPU.ActiveCfg = Debug|Any CPU
		{CC5ACDB7-14F8-4867-B6EC-68BA69521DF6}.Debug|Any CPU.Build.0 = Debug|Any CPU
		{CC5ACDB7-14F8-4867-B6EC-68BA69521DF6}.Release|Any CPU.ActiveCfg = Release|Any CPU
		{CC5ACDB7-14F8-4867-B6EC-68BA69521DF6}.Release|Any CPU.Build.0 = Release|Any CPU
	EndGlobalSection
	GlobalSection(SolutionProperties) = preSolution
		HideSolutionNode = FALSE
	EndGlobalSection
	GlobalSection(ExtensibilityGlobals) = postSolution
		SolutionGuid = {33B737E6-6ACB-4DE5-90D1-21F66A570095}
	EndGlobalSection
EndGlobal
