
Microsoft Visual Studio Solution File, Format Version 12.00
# Visual Studio Version 16
VisualStudioVersion = 16.0.33423.256
MinimumVisualStudioVersion = 10.0.40219.1
Project("{FAE04EC0-301F-11D3-BF4B-00C04F79EFBC}") = "VariablesAndDataTypes", "VariablesAndDataTypes\VariablesAndDataTypes.csproj", "{FD03DB23-22EE-4864-9A6B-1DA56354991A}"
EndProject
Global
	GlobalSection(SolutionConfigurationPlatforms) = preSolution
		Debug|Any CPU = Debug|Any CPU
		Release|Any CPU = Release|Any CPU
	EndGlobalSection
	GlobalSection(ProjectConfigurationPlatforms) = postSolution
		{FD03DB23-22EE-4864-9A6B-1DA56354991A}.Debug|Any CPU.ActiveCfg = Debug|Any CPU
		{FD03DB23-22EE-4864-9A6B-1DA56354991A}.Debug|Any CPU.Build.0 = Debug|Any CPU
		{FD03DB23-22EE-4864-9A6B-1DA56354991A}.Release|Any CPU.ActiveCfg = Release|Any CPU
		{FD03DB23-22EE-4864-9A6B-1DA56354991A}.Release|Any CPU.Build.0 = Release|Any CPU
	EndGlobalSection
	GlobalSection(SolutionProperties) = preSolution
		HideSolutionNode = FALSE
	EndGlobalSection
	GlobalSection(ExtensibilityGlobals) = postSolution
		SolutionGuid = {6BB182B9-DEF1-4D8E-B213-F5FC2281CA6F}
	EndGlobalSection
EndGlobal
