
Microsoft Visual Studio Solution File, Format Version 12.00
# Visual Studio Version 16
VisualStudioVersion = 16.0.33529.622
MinimumVisualStudioVersion = 10.0.40219.1
Project("{FAE04EC0-301F-11D3-BF4B-00C04F79EFBC}") = "CarInsurance", "CarInsurance\CarInsurance.csproj", "{BACECEA0-1E63-48B8-9EE3-80070EDDED66}"
EndProject
Global
	GlobalSection(SolutionConfigurationPlatforms) = preSolution
		Debug|Any CPU = Debug|Any CPU
		Release|Any CPU = Release|Any CPU
	EndGlobalSection
	GlobalSection(ProjectConfigurationPlatforms) = postSolution
		{BACECEA0-1E63-48B8-9EE3-80070EDDED66}.Debug|Any CPU.ActiveCfg = Debug|Any CPU
		{BACECEA0-1E63-48B8-9EE3-80070EDDED66}.Debug|Any CPU.Build.0 = Debug|Any CPU
		{BACECEA0-1E63-48B8-9EE3-80070EDDED66}.Release|Any CPU.ActiveCfg = Release|Any CPU
		{BACECEA0-1E63-48B8-9EE3-80070EDDED66}.Release|Any CPU.Build.0 = Release|Any CPU
	EndGlobalSection
	GlobalSection(SolutionProperties) = preSolution
		HideSolutionNode = FALSE
	EndGlobalSection
	GlobalSection(ExtensibilityGlobals) = postSolution
		SolutionGuid = {FE7F4092-76B1-4131-97BE-127DB02B62DB}
	EndGlobalSection
EndGlobal
