
Microsoft Visual Studio Solution File, Format Version 12.00
# Visual Studio Version 16
VisualStudioVersion = 16.0.33529.622
MinimumVisualStudioVersion = 10.0.40219.1
Project("{FAE04EC0-301F-11D3-BF4B-00C04F79EFBC}") = "AbstractClassSubmissionAssignment", "AbstractClassSubmissionAssignment\AbstractClassSubmissionAssignment.csproj", "{90D409EC-6417-4DB9-BC72-B718E52E2C2A}"
EndProject
Global
	GlobalSection(SolutionConfigurationPlatforms) = preSolution
		Debug|Any CPU = Debug|Any CPU
		Release|Any CPU = Release|Any CPU
	EndGlobalSection
	GlobalSection(ProjectConfigurationPlatforms) = postSolution
		{90D409EC-6417-4DB9-BC72-B718E52E2C2A}.Debug|Any CPU.ActiveCfg = Debug|Any CPU
		{90D409EC-6417-4DB9-BC72-B718E52E2C2A}.Debug|Any CPU.Build.0 = Debug|Any CPU
		{90D409EC-6417-4DB9-BC72-B718E52E2C2A}.Release|Any CPU.ActiveCfg = Release|Any CPU
		{90D409EC-6417-4DB9-BC72-B718E52E2C2A}.Release|Any CPU.Build.0 = Release|Any CPU
	EndGlobalSection
	GlobalSection(SolutionProperties) = preSolution
		HideSolutionNode = FALSE
	EndGlobalSection
	GlobalSection(ExtensibilityGlobals) = postSolution
		SolutionGuid = {896C586D-A65E-4B29-B159-8A0BBB6A0986}
	EndGlobalSection
EndGlobal
