
Microsoft Visual Studio Solution File, Format Version 12.00
# Visual Studio Version 16
VisualStudioVersion = 16.0.33529.622
MinimumVisualStudioVersion = 10.0.40219.1
Project("{FAE04EC0-301F-11D3-BF4B-00C04F79EFBC}") = "MethodSubmissionAssignment2", "MethodSubmissionAssignment2\MethodSubmissionAssignment2.csproj", "{1513D3E0-5D6A-4355-B1F3-C28AB0EACE4B}"
EndProject
Global
	GlobalSection(SolutionConfigurationPlatforms) = preSolution
		Debug|Any CPU = Debug|Any CPU
		Release|Any CPU = Release|Any CPU
	EndGlobalSection
	GlobalSection(ProjectConfigurationPlatforms) = postSolution
		{1513D3E0-5D6A-4355-B1F3-C28AB0EACE4B}.Debug|Any CPU.ActiveCfg = Debug|Any CPU
		{1513D3E0-5D6A-4355-B1F3-C28AB0EACE4B}.Debug|Any CPU.Build.0 = Debug|Any CPU
		{1513D3E0-5D6A-4355-B1F3-C28AB0EACE4B}.Release|Any CPU.ActiveCfg = Release|Any CPU
		{1513D3E0-5D6A-4355-B1F3-C28AB0EACE4B}.Release|Any CPU.Build.0 = Release|Any CPU
	EndGlobalSection
	GlobalSection(SolutionProperties) = preSolution
		HideSolutionNode = FALSE
	EndGlobalSection
	GlobalSection(ExtensibilityGlobals) = postSolution
		SolutionGuid = {64FC156A-3561-4169-9D15-C06925BDCA0F}
	EndGlobalSection
EndGlobal
