
Microsoft Visual Studio Solution File, Format Version 12.00
# Visual Studio Version 16
VisualStudioVersion = 16.0.33423.256
MinimumVisualStudioVersion = 10.0.40219.1
Project("{FAE04EC0-301F-11D3-BF4B-00C04F79EFBC}") = "IterationConsoleAppAssignment", "IterationConsoleAppAssignment\IterationConsoleAppAssignment.csproj", "{CCE9A812-B83B-47D7-A4E7-6C69A47BD42C}"
EndProject
Global
	GlobalSection(SolutionConfigurationPlatforms) = preSolution
		Debug|Any CPU = Debug|Any CPU
		Release|Any CPU = Release|Any CPU
	EndGlobalSection
	GlobalSection(ProjectConfigurationPlatforms) = postSolution
		{CCE9A812-B83B-47D7-A4E7-6C69A47BD42C}.Debug|Any CPU.ActiveCfg = Debug|Any CPU
		{CCE9A812-B83B-47D7-A4E7-6C69A47BD42C}.Debug|Any CPU.Build.0 = Debug|Any CPU
		{CCE9A812-B83B-47D7-A4E7-6C69A47BD42C}.Release|Any CPU.ActiveCfg = Release|Any CPU
		{CCE9A812-B83B-47D7-A4E7-6C69A47BD42C}.Release|Any CPU.Build.0 = Release|Any CPU
	EndGlobalSection
	GlobalSection(SolutionProperties) = preSolution
		HideSolutionNode = FALSE
	EndGlobalSection
	GlobalSection(ExtensibilityGlobals) = postSolution
		SolutionGuid = {5CE6E14F-6B2C-4B30-9337-016A5217639E}
	EndGlobalSection
EndGlobal
