
Microsoft Visual Studio Solution File, Format Version 12.00
# Visual Studio Version 16
VisualStudioVersion = 16.0.33423.256
MinimumVisualStudioVersion = 10.0.40219.1
Project("{FAE04EC0-301F-11D3-BF4B-00C04F79EFBC}") = "MathAndOperatorsConsoleAppAssignment", "MathAndOperatorsConsoleAppAssignment\MathAndOperatorsConsoleAppAssignment.csproj", "{9ED3423F-5160-4EB5-A688-AF64C8A538F7}"
EndProject
Global
	GlobalSection(SolutionConfigurationPlatforms) = preSolution
		Debug|Any CPU = Debug|Any CPU
		Release|Any CPU = Release|Any CPU
	EndGlobalSection
	GlobalSection(ProjectConfigurationPlatforms) = postSolution
		{9ED3423F-5160-4EB5-A688-AF64C8A538F7}.Debug|Any CPU.ActiveCfg = Debug|Any CPU
		{9ED3423F-5160-4EB5-A688-AF64C8A538F7}.Debug|Any CPU.Build.0 = Debug|Any CPU
		{9ED3423F-5160-4EB5-A688-AF64C8A538F7}.Release|Any CPU.ActiveCfg = Release|Any CPU
		{9ED3423F-5160-4EB5-A688-AF64C8A538F7}.Release|Any CPU.Build.0 = Release|Any CPU
	EndGlobalSection
	GlobalSection(SolutionProperties) = preSolution
		HideSolutionNode = FALSE
	EndGlobalSection
	GlobalSection(ExtensibilityGlobals) = postSolution
		SolutionGuid = {9D6EBFB2-F4A5-4B8F-A31A-0273DA85CAB5}
	EndGlobalSection
EndGlobal
